{
  "nodes": {
    "nixpkgs": {
      "locked": {
        "lastModified": 1759580034,
        "narHash": "sha256-YWo57PL7mGZU7D4WeKFMiW4ex/O6ZolUS6UNBHTZfkI=",
        "rev": "3bcc93c5f7a4b30335d31f21e2f1281cba68c318",
        "revCount": 810767,
        "type": "tarball",
        "url": "https://api.flakehub.com/f/pinned/NixOS/nixpkgs/0.2505.810767%2Brev-3bcc93c5f7a4b30335d31f21e2f1281cba68c318/0199b258-02ec-74a9-9bd6-e1e479f95fdc/source.tar.gz"
      },
      "original": {
        "type": "tarball",
        "url": "https://flakehub.com/f/NixOS/nixpkgs/0"
      }
    },
    "root": {
      "inputs": {
        "nixpkgs": "nixpkgs"
      }
    }
  },
  "root": "root",
  "version": 7
}
